
Microsoft Visual Studio Solution File, Format Version 12.00
# Visual Studio Version 18
VisualStudioVersion = 18.1.11312.151 d18.0
MinimumVisualStudioVersion = 10.0.40219.1
Project("{FAE04EC0-301F-11D3-BF4B-00C04F79EFBC}") = "TraversalProject.EntityLayer", "TraversalProject.EntityLayer\TraversalProject.EntityLayer.csproj", "{26148DD5-0EC3-45EE-AEA5-D75DD259CE31}"
EndProject
Project("{FAE04EC0-301F-11D3-BF4B-00C04F79EFBC}") = "TraversalProject.DataAccessLayer", "TraversalProject.DataAccessLayer\TraversalProject.DataAccessLayer.csproj", "{83D16702-13F3-457D-A321-BFA8672B42ED}"
EndProject
Project("{FAE04EC0-301F-11D3-BF4B-00C04F79EFBC}") = "TraversalProject.BusinessLayer", "TraversalProject.BusinessLayer\TraversalProject.BusinessLayer.csproj", "{B4E2C7C5-2E0C-45B5-B690-2757242E9983}"
EndProject
Project("{FAE04EC0-301F-11D3-BF4B-00C04F79EFBC}") = "TraversalProject.PresentationLayer", "TraversalProject.PresentationLayer\TraversalProject.PresentationLayer.csproj", "{8F1465D3-0D91-42FF-8D13-F406149C929C}"
EndProject
Project("{FAE04EC0-301F-11D3-BF4B-00C04F79EFBC}") = "TraversalProject.DTOLayer", "TraversalProject.DTOLayer\TraversalProject.DTOLayer.csproj", "{CD375E5D-45EB-4109-B8F1-098F776979F5}"
EndProject
Project("{FAE04EC0-301F-11D3-BF4B-00C04F79EFBC}") = "TraversalProject.WebAPI", "TraversalProject.WebAPI\TraversalProject.WebAPI.csproj", "{44D3E303-45B6-434F-9A49-9E50FBB5F8B0}"
EndProject
Project("{FAE04EC0-301F-11D3-BF4B-00C04F79EFBC}") = "TraversalProject.SignalRLayer", "TraversalProject.SignalRLayer\TraversalProject.SignalRLayer.csproj", "{F25AD8EB-E2D2-4638-BA5C-1F110807C247}"
EndProject
Global
	GlobalSection(SolutionConfigurationPlatforms) = preSolution
		Debug|Any CPU = Debug|Any CPU
		Release|Any CPU = Release|Any CPU
	EndGlobalSection
	GlobalSection(ProjectConfigurationPlatforms) = postSolution
		{26148DD5-0EC3-45EE-AEA5-D75DD259CE31}.Debug|Any CPU.ActiveCfg = Debug|Any CPU
		{26148DD5-0EC3-45EE-AEA5-D75DD259CE31}.Debug|Any CPU.Build.0 = Debug|Any CPU
		{26148DD5-0EC3-45EE-AEA5-D75DD259CE31}.Release|Any CPU.ActiveCfg = Release|Any CPU
		{26148DD5-0EC3-45EE-AEA5-D75DD259CE31}.Release|Any CPU.Build.0 = Release|Any CPU
		{83D16702-13F3-457D-A321-BFA8672B42ED}.Debug|Any CPU.ActiveCfg = Debug|Any CPU
		{83D16702-13F3-457D-A321-BFA8672B42ED}.Debug|Any CPU.Build.0 = Debug|Any CPU
		{83D16702-13F3-457D-A321-BFA8672B42ED}.Release|Any CPU.ActiveCfg = Release|Any CPU
		{83D16702-13F3-457D-A321-BFA8672B42ED}.Release|Any CPU.Build.0 = Release|Any CPU
		{B4E2C7C5-2E0C-45B5-B690-2757242E9983}.Debug|Any CPU.ActiveCfg = Debug|Any CPU
		{B4E2C7C5-2E0C-45B5-B690-2757242E9983}.Debug|Any CPU.Build.0 = Debug|Any CPU
		{B4E2C7C5-2E0C-45B5-B690-2757242E9983}.Release|Any CPU.ActiveCfg = Release|Any CPU
		{B4E2C7C5-2E0C-45B5-B690-2757242E9983}.Release|Any CPU.Build.0 = Release|Any CPU
		{8F1465D3-0D91-42FF-8D13-F406149C929C}.Debug|Any CPU.ActiveCfg = Debug|Any CPU
		{8F1465D3-0D91-42FF-8D13-F406149C929C}.Debug|Any CPU.Build.0 = Debug|Any CPU
		{8F1465D3-0D91-42FF-8D13-F406149C929C}.Release|Any CPU.ActiveCfg = Release|Any CPU
		{8F1465D3-0D91-42FF-8D13-F406149C929C}.Release|Any CPU.Build.0 = Release|Any CPU
		{CD375E5D-45EB-4109-B8F1-098F776979F5}.Debug|Any CPU.ActiveCfg = Debug|Any CPU
		{CD375E5D-45EB-4109-B8F1-098F776979F5}.Debug|Any CPU.Build.0 = Debug|Any CPU
		{CD375E5D-45EB-4109-B8F1-098F776979F5}.Release|Any CPU.ActiveCfg = Release|Any CPU
		{CD375E5D-45EB-4109-B8F1-098F776979F5}.Release|Any CPU.Build.0 = Release|Any CPU
		{44D3E303-45B6-434F-9A49-9E50FBB5F8B0}.Debug|Any CPU.ActiveCfg = Debug|Any CPU
		{44D3E303-45B6-434F-9A49-9E50FBB5F8B0}.Debug|Any CPU.Build.0 = Debug|Any CPU
		{44D3E303-45B6-434F-9A49-9E50FBB5F8B0}.Release|Any CPU.ActiveCfg = Release|Any CPU
		{44D3E303-45B6-434F-9A49-9E50FBB5F8B0}.Release|Any CPU.Build.0 = Release|Any CPU
		{F25AD8EB-E2D2-4638-BA5C-1F110807C247}.Debug|Any CPU.ActiveCfg = Debug|Any CPU
		{F25AD8EB-E2D2-4638-BA5C-1F110807C247}.Debug|Any CPU.Build.0 = Debug|Any CPU
		{F25AD8EB-E2D2-4638-BA5C-1F110807C247}.Release|Any CPU.ActiveCfg = Release|Any CPU
		{F25AD8EB-E2D2-4638-BA5C-1F110807C247}.Release|Any CPU.Build.0 = Release|Any CPU
	EndGlobalSection
	GlobalSection(SolutionProperties) = preSolution
		HideSolutionNode = FALSE
	EndGlobalSection
	GlobalSection(ExtensibilityGlobals) = postSolution
		SolutionGuid = {E4B1ED42-D9EB-4985-9C48-25E3DE1F819D}
	EndGlobalSection
EndGlobal
